
Microsoft Visual Studio Solution File, Format Version 12.00
# Visual Studio Version 17
VisualStudioVersion = 17.8.34511.84
MinimumVisualStudioVersion = 10.0.40219.1
Project("{FAE04EC0-301F-11D3-BF4B-00C04F79EFBC}") = "FALOFinancialProofing", "FALOFinancialProofing.csproj", "{574169E0-9A3D-4CA8-8148-4E10AFD53AE1}"
EndProject
Project("{FAE04EC0-301F-11D3-BF4B-00C04F79EFBC}") = "FALOFinancialProofing.Client", "..\FALOFinancialProofing.Client\FALOFinancialProofing.Client.csproj", "{A0FB5859-D2F7-469A-9228-1EDDD7862C24}"
EndProject
Global
	GlobalSection(SolutionConfigurationPlatforms) = preSolution
		Debug|Any CPU = Debug|Any CPU
		Release|Any CPU = Release|Any CPU
	EndGlobalSection
	GlobalSection(ProjectConfigurationPlatforms) = postSolution
		{574169E0-9A3D-4CA8-8148-4E10AFD53AE1}.Debug|Any CPU.ActiveCfg = Debug|Any CPU
		{574169E0-9A3D-4CA8-8148-4E10AFD53AE1}.Debug|Any CPU.Build.0 = Debug|Any CPU
		{574169E0-9A3D-4CA8-8148-4E10AFD53AE1}.Release|Any CPU.ActiveCfg = Release|Any CPU
		{574169E0-9A3D-4CA8-8148-4E10AFD53AE1}.Release|Any CPU.Build.0 = Release|Any CPU
		{A0FB5859-D2F7-469A-9228-1EDDD7862C24}.Debug|Any CPU.ActiveCfg = Debug|Any CPU
		{A0FB5859-D2F7-469A-9228-1EDDD7862C24}.Debug|Any CPU.Build.0 = Debug|Any CPU
		{A0FB5859-D2F7-469A-9228-1EDDD7862C24}.Release|Any CPU.ActiveCfg = Release|Any CPU
		{A0FB5859-D2F7-469A-9228-1EDDD7862C24}.Release|Any CPU.Build.0 = Release|Any CPU
	EndGlobalSection
	GlobalSection(SolutionProperties) = preSolution
		HideSolutionNode = FALSE
	EndGlobalSection
	GlobalSection(ExtensibilityGlobals) = postSolution
		SolutionGuid = {07E311FD-D9AC-4EE5-9E02-1053B465CD83}
	EndGlobalSection
EndGlobal
